
Microsoft Visual Studio Solution File, Format Version 12.00
# Visual Studio Version 17
VisualStudioVersion = 17.1.32328.378
MinimumVisualStudioVersion = 10.0.40219.1
Project("{9A19103F-16F7-4668-BE54-9A1E7A4F7556}") = "MotoGuild API", "MotoGuild API.csproj", "{A5741691-BFEB-4C0D-8D99-0D10CE9673BE}"
EndProject
Project("{FAE04EC0-301F-11D3-BF4B-00C04F79EFBC}") = "Domain", "..\Domain\Domain.csproj", "{0C8C2E07-4DB9-4237-89CA-8B0E75D1939C}"
EndProject
Project("{FAE04EC0-301F-11D3-BF4B-00C04F79EFBC}") = "Data", "..\Data\Data.csproj", "{A9D0CCE6-E0DF-488A-B152-3B1EB1E8AEF0}"
EndProject
Global
	GlobalSection(SolutionConfigurationPlatforms) = preSolution
		Debug|Any CPU = Debug|Any CPU
		Release|Any CPU = Release|Any CPU
	EndGlobalSection
	GlobalSection(ProjectConfigurationPlatforms) = postSolution
		{A5741691-BFEB-4C0D-8D99-0D10CE9673BE}.Debug|Any CPU.ActiveCfg = Debug|Any CPU
		{A5741691-BFEB-4C0D-8D99-0D10CE9673BE}.Debug|Any CPU.Build.0 = Debug|Any CPU
		{A5741691-BFEB-4C0D-8D99-0D10CE9673BE}.Release|Any CPU.ActiveCfg = Release|Any CPU
		{A5741691-BFEB-4C0D-8D99-0D10CE9673BE}.Release|Any CPU.Build.0 = Release|Any CPU
		{0C8C2E07-4DB9-4237-89CA-8B0E75D1939C}.Debug|Any CPU.ActiveCfg = Debug|Any CPU
		{0C8C2E07-4DB9-4237-89CA-8B0E75D1939C}.Debug|Any CPU.Build.0 = Debug|Any CPU
		{0C8C2E07-4DB9-4237-89CA-8B0E75D1939C}.Release|Any CPU.ActiveCfg = Release|Any CPU
		{0C8C2E07-4DB9-4237-89CA-8B0E75D1939C}.Release|Any CPU.Build.0 = Release|Any CPU
		{A9D0CCE6-E0DF-488A-B152-3B1EB1E8AEF0}.Debug|Any CPU.ActiveCfg = Debug|Any CPU
		{A9D0CCE6-E0DF-488A-B152-3B1EB1E8AEF0}.Debug|Any CPU.Build.0 = Debug|Any CPU
		{A9D0CCE6-E0DF-488A-B152-3B1EB1E8AEF0}.Release|Any CPU.ActiveCfg = Release|Any CPU
		{A9D0CCE6-E0DF-488A-B152-3B1EB1E8AEF0}.Release|Any CPU.Build.0 = Release|Any CPU
	EndGlobalSection
	GlobalSection(SolutionProperties) = preSolution
		HideSolutionNode = FALSE
	EndGlobalSection
	GlobalSection(ExtensibilityGlobals) = postSolution
		SolutionGuid = {0089BEAC-5BD5-4FF4-B01F-355E0F7C2A55}
	EndGlobalSection
EndGlobal
